
Microsoft Visual Studio Solution File, Format Version 12.00
# Visual Studio Version 16
VisualStudioVersion = 16.0.32002.261
MinimumVisualStudioVersion = 10.0.40219.1
Project("{FAE04EC0-301F-11D3-BF4B-00C04F79EFBC}") = "Portafolio", "Portafolio\Portafolio.csproj", "{78F063C5-4629-4905-AC63-86025C258092}"
EndProject
Global
	GlobalSection(SolutionConfigurationPlatforms) = preSolution
		Debug|Any CPU = Debug|Any CPU
		Release|Any CPU = Release|Any CPU
	EndGlobalSection
	GlobalSection(ProjectConfigurationPlatforms) = postSolution
		{78F063C5-4629-4905-AC63-86025C258092}.Debug|Any CPU.ActiveCfg = Debug|Any CPU
		{78F063C5-4629-4905-AC63-86025C258092}.Debug|Any CPU.Build.0 = Debug|Any CPU
		{78F063C5-4629-4905-AC63-86025C258092}.Release|Any CPU.ActiveCfg = Release|Any CPU
		{78F063C5-4629-4905-AC63-86025C258092}.Release|Any CPU.Build.0 = Release|Any CPU
	EndGlobalSection
	GlobalSection(SolutionProperties) = preSolution
		HideSolutionNode = FALSE
	EndGlobalSection
	GlobalSection(ExtensibilityGlobals) = postSolution
		SolutionGuid = {5F722D95-40D6-4752-BD6A-DCD2A8DA6DE7}
	EndGlobalSection
EndGlobal
